
Microsoft Visual Studio Solution File, Format Version 12.00
# Visual Studio Version 16
VisualStudioVersion = 16.0.28803.202
MinimumVisualStudioVersion = 10.0.40219.1
Project("{F184B08F-C81C-45F6-A57F-5ABD9991F28F}") = "01.Comparar", "01.Comparar\01.Comparar.vbproj", "{B5349393-263D-407F-8B8A-558F14597644}"
EndProject
Project("{F184B08F-C81C-45F6-A57F-5ABD9991F28F}") = "02.Menor", "02.Menor\02.Menor.vbproj", "{AA74BEB2-4187-4B78-94AD-D5217CEEB6FF}"
EndProject
Project("{F184B08F-C81C-45F6-A57F-5ABD9991F28F}") = "03.Tercero", "03.Tercero\03.Tercero.vbproj", "{5270B8C7-1549-4CAF-9C54-310F13162B4C}"
EndProject
Project("{F184B08F-C81C-45F6-A57F-5ABD9991F28F}") = "04.Venta", "04.Venta\04.Venta.vbproj", "{5BB8EC83-88B8-4725-83A4-A295EBA2607B}"
EndProject
Global
	GlobalSection(SolutionConfigurationPlatforms) = preSolution
		Debug|Any CPU = Debug|Any CPU
		Release|Any CPU = Release|Any CPU
	EndGlobalSection
	GlobalSection(ProjectConfigurationPlatforms) = postSolution
		{B5349393-263D-407F-8B8A-558F14597644}.Debug|Any CPU.ActiveCfg = Debug|Any CPU
		{B5349393-263D-407F-8B8A-558F14597644}.Debug|Any CPU.Build.0 = Debug|Any CPU
		{B5349393-263D-407F-8B8A-558F14597644}.Release|Any CPU.ActiveCfg = Release|Any CPU
		{B5349393-263D-407F-8B8A-558F14597644}.Release|Any CPU.Build.0 = Release|Any CPU
		{AA74BEB2-4187-4B78-94AD-D5217CEEB6FF}.Debug|Any CPU.ActiveCfg = Debug|Any CPU
		{AA74BEB2-4187-4B78-94AD-D5217CEEB6FF}.Debug|Any CPU.Build.0 = Debug|Any CPU
		{AA74BEB2-4187-4B78-94AD-D5217CEEB6FF}.Release|Any CPU.ActiveCfg = Release|Any CPU
		{AA74BEB2-4187-4B78-94AD-D5217CEEB6FF}.Release|Any CPU.Build.0 = Release|Any CPU
		{5270B8C7-1549-4CAF-9C54-310F13162B4C}.Debug|Any CPU.ActiveCfg = Debug|Any CPU
		{5270B8C7-1549-4CAF-9C54-310F13162B4C}.Debug|Any CPU.Build.0 = Debug|Any CPU
		{5270B8C7-1549-4CAF-9C54-310F13162B4C}.Release|Any CPU.ActiveCfg = Release|Any CPU
		{5270B8C7-1549-4CAF-9C54-310F13162B4C}.Release|Any CPU.Build.0 = Release|Any CPU
		{5BB8EC83-88B8-4725-83A4-A295EBA2607B}.Debug|Any CPU.ActiveCfg = Debug|Any CPU
		{5BB8EC83-88B8-4725-83A4-A295EBA2607B}.Debug|Any CPU.Build.0 = Debug|Any CPU
		{5BB8EC83-88B8-4725-83A4-A295EBA2607B}.Release|Any CPU.ActiveCfg = Release|Any CPU
		{5BB8EC83-88B8-4725-83A4-A295EBA2607B}.Release|Any CPU.Build.0 = Release|Any CPU
	EndGlobalSection
	GlobalSection(SolutionProperties) = preSolution
		HideSolutionNode = FALSE
	EndGlobalSection
	GlobalSection(ExtensibilityGlobals) = postSolution
		SolutionGuid = {2F5E45FD-B9B3-4735-8891-737A3A7C7A72}
	EndGlobalSection
EndGlobal
